<Solution>
  <Project Path="DAL/DAL.csproj" Id="563ad970-31fa-4fd8-a9a2-7f9b40a46957" />
  <Project Path="Database/Database.sqlproj" Id="46dfd7cc-9396-46d2-b9b0-d919495f4d85">
    <Build />
    <Deploy />
  </Project>
  <Project Path="Runner/Runner.csproj" Id="7d171daa-65f5-4c7c-ad0c-c003ab092c8c" />
</Solution>
